
Microsoft Visual Studio Solution File, Format Version 12.00
# Visual Studio Version 17
VisualStudioVersion = 17.14.37203.1 d17.14
MinimumVisualStudioVersion = 10.0.40219.1
Project("{FAE04EC0-301F-11D3-BF4B-00C04F79EFBC}") = "INFP-Proj", "INFP-Proj\INFP-Proj.csproj", "{68A1A0A1-F435-42D4-9EAF-759D44851CD4}"
EndProject
Global
	GlobalSection(SolutionConfigurationPlatforms) = preSolution
		Debug|Any CPU = Debug|Any CPU
		Release|Any CPU = Release|Any CPU
	EndGlobalSection
	GlobalSection(ProjectConfigurationPlatforms) = postSolution
		{68A1A0A1-F435-42D4-9EAF-759D44851CD4}.Debug|Any CPU.ActiveCfg = Debug|Any CPU
		{68A1A0A1-F435-42D4-9EAF-759D44851CD4}.Debug|Any CPU.Build.0 = Debug|Any CPU
		{68A1A0A1-F435-42D4-9EAF-759D44851CD4}.Release|Any CPU.ActiveCfg = Release|Any CPU
		{68A1A0A1-F435-42D4-9EAF-759D44851CD4}.Release|Any CPU.Build.0 = Release|Any CPU
	EndGlobalSection
	GlobalSection(SolutionProperties) = preSolution
		HideSolutionNode = FALSE
	EndGlobalSection
	GlobalSection(ExtensibilityGlobals) = postSolution
		SolutionGuid = {1620C62A-28C1-419D-BA49-4DCCDFF345C2}
	EndGlobalSection
EndGlobal
